
Microsoft Visual Studio Solution File, Format Version 12.00
# Visual Studio Version 17
VisualStudioVersion = 17.14.36623.8 d17.14
MinimumVisualStudioVersion = 10.0.40219.1
Project("{FAE04EC0-301F-11D3-BF4B-00C04F79EFBC}") = "MauiApp02", "MauiApp02\MauiApp02.csproj", "{33943D4F-B404-4256-9253-42E72E54846D}"
EndProject
Global
	GlobalSection(SolutionConfigurationPlatforms) = preSolution
		Debug|Any CPU = Debug|Any CPU
		Release|Any CPU = Release|Any CPU
	EndGlobalSection
	GlobalSection(ProjectConfigurationPlatforms) = postSolution
		{33943D4F-B404-4256-9253-42E72E54846D}.Debug|Any CPU.ActiveCfg = Debug|Any CPU
		{33943D4F-B404-4256-9253-42E72E54846D}.Debug|Any CPU.Build.0 = Debug|Any CPU
		{33943D4F-B404-4256-9253-42E72E54846D}.Release|Any CPU.ActiveCfg = Release|Any CPU
		{33943D4F-B404-4256-9253-42E72E54846D}.Release|Any CPU.Build.0 = Release|Any CPU
	EndGlobalSection
	GlobalSection(SolutionProperties) = preSolution
		HideSolutionNode = FALSE
	EndGlobalSection
	GlobalSection(ExtensibilityGlobals) = postSolution
		SolutionGuid = {86CCD3B7-7960-42FE-A500-50159A573EF9}
	EndGlobalSection
EndGlobal
